
Microsoft Visual Studio Solution File, Format Version 12.00
# Visual Studio Version 17
VisualStudioVersion = 17.6.33712.159
MinimumVisualStudioVersion = 10.0.40219.1
Project("{FAE04EC0-301F-11D3-BF4B-00C04F79EFBC}") = "1.SingleInheritance", "1.SingleInheritance\1.SingleInheritance.csproj", "{02B6C288-2328-403F-9903-5050681643CC}"
EndProject
Global
	GlobalSection(SolutionConfigurationPlatforms) = preSolution
		Debug|Any CPU = Debug|Any CPU
		Release|Any CPU = Release|Any CPU
	EndGlobalSection
	GlobalSection(ProjectConfigurationPlatforms) = postSolution
		{02B6C288-2328-403F-9903-5050681643CC}.Debug|Any CPU.ActiveCfg = Debug|Any CPU
		{02B6C288-2328-403F-9903-5050681643CC}.Debug|Any CPU.Build.0 = Debug|Any CPU
		{02B6C288-2328-403F-9903-5050681643CC}.Release|Any CPU.ActiveCfg = Release|Any CPU
		{02B6C288-2328-403F-9903-5050681643CC}.Release|Any CPU.Build.0 = Release|Any CPU
	EndGlobalSection
	GlobalSection(SolutionProperties) = preSolution
		HideSolutionNode = FALSE
	EndGlobalSection
	GlobalSection(ExtensibilityGlobals) = postSolution
		SolutionGuid = {B4149204-AAF8-4CB1-BBDA-7889D91C2C05}
	EndGlobalSection
EndGlobal
