
Microsoft Visual Studio Solution File, Format Version 12.00
# Visual Studio Version 17
VisualStudioVersion = 17.6.33712.159
MinimumVisualStudioVersion = 10.0.40219.1
Project("{9A19103F-16F7-4668-BE54-9A1E7A4F7556}") = "NauticalCatchChallenge", "NauticalCatchChallenge.csproj", "{56FFBAD9-6EE1-4D5D-9444-84F7120D28EF}"
EndProject
Global
	GlobalSection(SolutionConfigurationPlatforms) = preSolution
		Debug|Any CPU = Debug|Any CPU
		Release|Any CPU = Release|Any CPU
	EndGlobalSection
	GlobalSection(ProjectConfigurationPlatforms) = postSolution
		{56FFBAD9-6EE1-4D5D-9444-84F7120D28EF}.Debug|Any CPU.ActiveCfg = Debug|Any CPU
		{56FFBAD9-6EE1-4D5D-9444-84F7120D28EF}.Debug|Any CPU.Build.0 = Debug|Any CPU
		{56FFBAD9-6EE1-4D5D-9444-84F7120D28EF}.Release|Any CPU.ActiveCfg = Release|Any CPU
		{56FFBAD9-6EE1-4D5D-9444-84F7120D28EF}.Release|Any CPU.Build.0 = Release|Any CPU
	EndGlobalSection
	GlobalSection(SolutionProperties) = preSolution
		HideSolutionNode = FALSE
	EndGlobalSection
	GlobalSection(ExtensibilityGlobals) = postSolution
		SolutionGuid = {BFF87049-7B21-481D-AF8D-9BE6C5864922}
	EndGlobalSection
EndGlobal
